
Microsoft Visual Studio Solution File, Format Version 12.00
# Visual Studio Version 17
VisualStudioVersion = 17.8.34309.116
MinimumVisualStudioVersion = 10.0.40219.1
Project("{2150E333-8FDC-42A3-9474-1A3956D46DE8}") = "src", "src", "{764185BD-F1EC-453F-BE0C-A863D066F0AB}"
EndProject
Project("{2150E333-8FDC-42A3-9474-1A3956D46DE8}") = "test", "test", "{846CD82C-3491-4939-B40B-5E0A248077D6}"
EndProject
Project("{2150E333-8FDC-42A3-9474-1A3956D46DE8}") = "API", "API", "{391CE867-3F26-4FA2-9C2D-4FFB81E87822}"
EndProject
Project("{2150E333-8FDC-42A3-9474-1A3956D46DE8}") = "core", "core", "{1EF6842B-CCD0-481C-B67F-9C69AA131357}"
EndProject
Project("{2150E333-8FDC-42A3-9474-1A3956D46DE8}") = "infrastrucutre", "infrastrucutre", "{F11C4705-C54D-4264-8A6F-065789FF973C}"
EndProject
Project("{9A19103F-16F7-4668-BE54-9A1E7A4F7556}") = "domain", "Domain\domain.csproj", "{D020124A-4D2B-42F8-9E27-205299ACF9F5}"
EndProject
Project("{FAE04EC0-301F-11D3-BF4B-00C04F79EFBC}") = "application", "application\application.csproj", "{3047079F-39E1-45B1-A409-6D771D055454}"
EndProject
Global
	GlobalSection(SolutionConfigurationPlatforms) = preSolution
		Debug|Any CPU = Debug|Any CPU
		Release|Any CPU = Release|Any CPU
	EndGlobalSection
	GlobalSection(ProjectConfigurationPlatforms) = postSolution
		{D020124A-4D2B-42F8-9E27-205299ACF9F5}.Debug|Any CPU.ActiveCfg = Debug|Any CPU
		{D020124A-4D2B-42F8-9E27-205299ACF9F5}.Debug|Any CPU.Build.0 = Debug|Any CPU
		{D020124A-4D2B-42F8-9E27-205299ACF9F5}.Release|Any CPU.ActiveCfg = Release|Any CPU
		{D020124A-4D2B-42F8-9E27-205299ACF9F5}.Release|Any CPU.Build.0 = Release|Any CPU
		{3047079F-39E1-45B1-A409-6D771D055454}.Debug|Any CPU.ActiveCfg = Debug|Any CPU
		{3047079F-39E1-45B1-A409-6D771D055454}.Debug|Any CPU.Build.0 = Debug|Any CPU
		{3047079F-39E1-45B1-A409-6D771D055454}.Release|Any CPU.ActiveCfg = Release|Any CPU
		{3047079F-39E1-45B1-A409-6D771D055454}.Release|Any CPU.Build.0 = Release|Any CPU
	EndGlobalSection
	GlobalSection(SolutionProperties) = preSolution
		HideSolutionNode = FALSE
	EndGlobalSection
	GlobalSection(NestedProjects) = preSolution
		{391CE867-3F26-4FA2-9C2D-4FFB81E87822} = {764185BD-F1EC-453F-BE0C-A863D066F0AB}
		{1EF6842B-CCD0-481C-B67F-9C69AA131357} = {764185BD-F1EC-453F-BE0C-A863D066F0AB}
		{F11C4705-C54D-4264-8A6F-065789FF973C} = {764185BD-F1EC-453F-BE0C-A863D066F0AB}
		{D020124A-4D2B-42F8-9E27-205299ACF9F5} = {1EF6842B-CCD0-481C-B67F-9C69AA131357}
		{3047079F-39E1-45B1-A409-6D771D055454} = {1EF6842B-CCD0-481C-B67F-9C69AA131357}
	EndGlobalSection
	GlobalSection(ExtensibilityGlobals) = postSolution
		SolutionGuid = {05BF9DAB-88C0-4598-AFD3-9F132D5C5A91}
	EndGlobalSection
EndGlobal
