
Microsoft Visual Studio Solution File, Format Version 12.00
# Visual Studio Version 17
VisualStudioVersion = 17.8.34309.116
MinimumVisualStudioVersion = 10.0.40219.1
Project("{9A19103F-16F7-4668-BE54-9A1E7A4F7556}") = "StarSecurityAPI", "StarSecurityAPI\StarSecurityAPI.csproj", "{B9D06DFF-4BF4-489F-83E9-7AEB623DD186}"
EndProject
Project("{9A19103F-16F7-4668-BE54-9A1E7A4F7556}") = "Domain", "Domain\Domain.csproj", "{3855059F-944B-470B-8CDC-42A9ECFFEC9C}"
EndProject
Project("{9A19103F-16F7-4668-BE54-9A1E7A4F7556}") = "Application", "Application\Application.csproj", "{CCAA4491-BE39-4332-89D0-C96218174A92}"
EndProject
Project("{9A19103F-16F7-4668-BE54-9A1E7A4F7556}") = "Infrastructure", "Infrastructure\Infrastructure.csproj", "{4591F96E-BCCD-4888-B647-00DB20D97047}"
EndProject
Global
	GlobalSection(SolutionConfigurationPlatforms) = preSolution
		Debug|Any CPU = Debug|Any CPU
		Release|Any CPU = Release|Any CPU
	EndGlobalSection
	GlobalSection(ProjectConfigurationPlatforms) = postSolution
		{B9D06DFF-4BF4-489F-83E9-7AEB623DD186}.Debug|Any CPU.ActiveCfg = Debug|Any CPU
		{B9D06DFF-4BF4-489F-83E9-7AEB623DD186}.Debug|Any CPU.Build.0 = Debug|Any CPU
		{B9D06DFF-4BF4-489F-83E9-7AEB623DD186}.Release|Any CPU.ActiveCfg = Release|Any CPU
		{B9D06DFF-4BF4-489F-83E9-7AEB623DD186}.Release|Any CPU.Build.0 = Release|Any CPU
		{3855059F-944B-470B-8CDC-42A9ECFFEC9C}.Debug|Any CPU.ActiveCfg = Debug|Any CPU
		{3855059F-944B-470B-8CDC-42A9ECFFEC9C}.Debug|Any CPU.Build.0 = Debug|Any CPU
		{3855059F-944B-470B-8CDC-42A9ECFFEC9C}.Release|Any CPU.ActiveCfg = Release|Any CPU
		{3855059F-944B-470B-8CDC-42A9ECFFEC9C}.Release|Any CPU.Build.0 = Release|Any CPU
		{CCAA4491-BE39-4332-89D0-C96218174A92}.Debug|Any CPU.ActiveCfg = Debug|Any CPU
		{CCAA4491-BE39-4332-89D0-C96218174A92}.Debug|Any CPU.Build.0 = Debug|Any CPU
		{CCAA4491-BE39-4332-89D0-C96218174A92}.Release|Any CPU.ActiveCfg = Release|Any CPU
		{CCAA4491-BE39-4332-89D0-C96218174A92}.Release|Any CPU.Build.0 = Release|Any CPU
		{4591F96E-BCCD-4888-B647-00DB20D97047}.Debug|Any CPU.ActiveCfg = Debug|Any CPU
		{4591F96E-BCCD-4888-B647-00DB20D97047}.Debug|Any CPU.Build.0 = Debug|Any CPU
		{4591F96E-BCCD-4888-B647-00DB20D97047}.Release|Any CPU.ActiveCfg = Release|Any CPU
		{4591F96E-BCCD-4888-B647-00DB20D97047}.Release|Any CPU.Build.0 = Release|Any CPU
	EndGlobalSection
	GlobalSection(SolutionProperties) = preSolution
		HideSolutionNode = FALSE
	EndGlobalSection
	GlobalSection(ExtensibilityGlobals) = postSolution
		SolutionGuid = {8C1C59D8-9E2B-48DC-BE1F-C0F46D97CFFB}
	EndGlobalSection
EndGlobal
